github.com/davecgh/go-spew v1.1.1 h1:vj9j/u1bqnvCEfJOwUhtlOARqs3+rkHYY13jYWTU97c=
github.com/davecgh/go-spew v1.1.1/go.mod h1:J7Y8YcW2NihsgmVo/mv3lAwl/skON4iLHjSsI+c5H38=
github.com/obnoxxx/manc v0.1.4 h1:Z8QgI6rWgPpzYIHSduBjraxLfm1LUFWVSVJeFRqUziQ=
github.com/obnoxxx/manc v0.1.4/go.mod h1:s5+m697Jbrdxc3kKzm684VvtA1J8ckpunYOFuH81RXc=
github.com/stretchr/testify v1.12.1 h1:EuwCh5fleGS7H32xRwO3wRGT7DxrDhLAT6FF8MpWDWE=
github.com/stretchr/testify v1.12.1/go.mod h1:MDEgiDPPsNp5cuIrHPPCyornHKgEVbtFUmoNlxoYthg=
gitlab.com/stone.code/assert v1.1.4 h1:vYUu8lNSBjpNIgolWQxhtkA63US19p5vQ26nYrgehEs=
gitlab.com/stone.code/assert v1.1.4/go.mod h1:vjH9OTT54rkMI9Idu4cluF4UiBLlX11MocvOlBj3YmQ=
go.yaml.in/yaml/v3 v3.0.5 h1:N6y/pJk8buWs9NY5ERU2HSMfm+IuD/OtfdAnq6kESPw=
go.yaml.in/yaml/v3 v3.0.5/go.mod h1:HVTZu1O7/Vkt2N+BFy8Zza+lnLsABggaTM2ZpNIGuKg=
